
Microsoft Visual Studio Solution File, Format Version 12.00
Project("{FAE04EC0-301F-11D3-BF4B-00C04F79EFBC}") = "Resto.Bff", "Resto.Bff.csproj", "{69467A64-78CB-4F76-A641-9BC4E7B33606}"
EndProject
Global
	GlobalSection(SolutionConfigurationPlatforms) = preSolution
		Debug|Any CPU = Debug|Any CPU
		Release|Any CPU = Release|Any CPU
	EndGlobalSection
	GlobalSection(ProjectConfigurationPlatforms) = postSolution
		{69467A64-78CB-4F76-A641-9BC4E7B33606}.Debug|Any CPU.ActiveCfg = Debug|Any CPU
		{69467A64-78CB-4F76-A641-9BC4E7B33606}.Debug|Any CPU.Build.0 = Debug|Any CPU
		{69467A64-78CB-4F76-A641-9BC4E7B33606}.Release|Any CPU.ActiveCfg = Release|Any CPU
		{69467A64-78CB-4F76-A641-9BC4E7B33606}.Release|Any CPU.Build.0 = Release|Any CPU
	EndGlobalSection
EndGlobal
